{
  "name": "eterniza-gestao-front",
  "version": "1.0.0",
  "lockfileVersion": 3,
  "requires": true,
  "packages": {
    "": {
      "name": "eterniza-gestao-front",
      "version": "1.0.0",
      "dependencies": {
        "@geoman-io/leaflet-geoman-free": "^2.20.0",
        "leaflet": "^1.9.4",
        "leaflet-distortableimage": "^0.21.9",
        "next": "^14.2.5",
        "react": "^18.3.1",
        "react-dom": "^18.3.1"
      }
    },
    "node_modules/@geoman-io/leaflet-geoman-free": {
      "version": "2.20.0",
      "resolved": "https://registry.npmjs.org/@geoman-io/leaflet-geoman-free/-/leaflet-geoman-free-2.20.0.tgz",
      "integrity": "sha512-n9ytYdNWbX6YcUDNdOR6XtdiKDnZVJD8jWkErk1yL8magFNn9e0nbdQc0YBDa173AxGAYWVrGzUpOdkYuTAsqQ==",
      "license": "MIT",
      "dependencies": {
        "@turf/boolean-contains": "^7.3.5",
        "@turf/kinks": "^7.3.5",
        "@turf/line-intersect": "^7.3.5",
        "@turf/line-split": "^7.3.5",
        "lodash": "4.18.1",
        "polyclip-ts": "^0.16.8"
      },
      "engines": {
        "node": ">=20.0.0"
      },
      "peerDependencies": {
        "leaflet": "^1.2.0"
      }
    },
    "node_modules/@next/env": {
      "version": "14.2.35",
      "resolved": "https://registry.npmjs.org/@next/env/-/env-14.2.35.tgz",
      "integrity": "sha512-DuhvCtj4t9Gwrx80dmz2F4t/zKQ4ktN8WrMwOuVzkJfBilwAwGr6v16M5eI8yCuZ63H9TTuEU09Iu2HqkzFPVQ==",
      "license": "MIT"
    },
    "node_modules/@next/swc-darwin-arm64": {
      "version": "14.2.33",
      "resolved": "https://registry.npmjs.org/@next/swc-darwin-arm64/-/swc-darwin-arm64-14.2.33.tgz",
      "integrity": "sha512-HqYnb6pxlsshoSTubdXKu15g3iivcbsMXg4bYpjL2iS/V6aQot+iyF4BUc2qA/J/n55YtvE4PHMKWBKGCF/+wA==",
      "cpu": [
        "arm64"
      ],
      "license": "MIT",
      "optional": true,
      "os": [
        "darwin"
      ],
      "engines": {
        "node": ">= 10"
      }
    },
    "node_modules/@next/swc-darwin-x64": {
      "version": "14.2.33",
      "resolved": "https://registry.npmjs.org/@next/swc-darwin-x64/-/swc-darwin-x64-14.2.33.tgz",
      "integrity": "sha512-8HGBeAE5rX3jzKvF593XTTFg3gxeU4f+UWnswa6JPhzaR6+zblO5+fjltJWIZc4aUalqTclvN2QtTC37LxvZAA==",
      "cpu": [
        "x64"
      ],
      "license": "MIT",
      "optional": true,
      "os": [
        "darwin"
      ],
      "engines": {
        "node": ">= 10"
      }
    },
    "node_modules/@next/swc-linux-arm64-gnu": {
      "version": "14.2.33",
      "resolved": "https://registry.npmjs.org/@next/swc-linux-arm64-gnu/-/swc-linux-arm64-gnu-14.2.33.tgz",
      "integrity": "sha512-JXMBka6lNNmqbkvcTtaX8Gu5by9547bukHQvPoLe9VRBx1gHwzf5tdt4AaezW85HAB3pikcvyqBToRTDA4DeLw==",
      "cpu": [
        "arm64"
      ],
      "libc": [
        "glibc"
      ],
      "license": "MIT",
      "optional": true,
      "os": [
        "linux"
      ],
      "engines": {
        "node": ">= 10"
      }
    },
    "node_modules/@next/swc-linux-arm64-musl": {
      "version": "14.2.33",
      "resolved": "https://registry.npmjs.org/@next/swc-linux-arm64-musl/-/swc-linux-arm64-musl-14.2.33.tgz",
      "integrity": "sha512-Bm+QulsAItD/x6Ih8wGIMfRJy4G73tu1HJsrccPW6AfqdZd0Sfm5Imhgkgq2+kly065rYMnCOxTBvmvFY1BKfg==",
      "cpu": [
        "arm64"
      ],
      "libc": [
        "musl"
      ],
      "license": "MIT",
      "optional": true,
      "os": [
        "linux"
      ],
      "engines": {
        "node": ">= 10"
      }
    },
    "node_modules/@next/swc-linux-x64-gnu": {
      "version": "14.2.33",
      "resolved": "https://registry.npmjs.org/@next/swc-linux-x64-gnu/-/swc-linux-x64-gnu-14.2.33.tgz",
      "integrity": "sha512-FnFn+ZBgsVMbGDsTqo8zsnRzydvsGV8vfiWwUo1LD8FTmPTdV+otGSWKc4LJec0oSexFnCYVO4hX8P8qQKaSlg==",
      "cpu": [
        "x64"
      ],
      "libc": [
        "glibc"
      ],
      "license": "MIT",
      "optional": true,
      "os": [
        "linux"
      ],
      "engines": {
        "node": ">= 10"
      }
    },
    "node_modules/@next/swc-linux-x64-musl": {
      "version": "14.2.33",
      "resolved": "https://registry.npmjs.org/@next/swc-linux-x64-musl/-/swc-linux-x64-musl-14.2.33.tgz",
      "integrity": "sha512-345tsIWMzoXaQndUTDv1qypDRiebFxGYx9pYkhwY4hBRaOLt8UGfiWKr9FSSHs25dFIf8ZqIFaPdy5MljdoawA==",
      "cpu": [
        "x64"
      ],
      "libc": [
        "musl"
      ],
      "license": "MIT",
      "optional": true,
      "os": [
        "linux"
      ],
      "engines": {
        "node": ">= 10"
      }
    },
    "node_modules/@next/swc-win32-arm64-msvc": {
      "version": "14.2.33",
      "resolved": "https://registry.npmjs.org/@next/swc-win32-arm64-msvc/-/swc-win32-arm64-msvc-14.2.33.tgz",
      "integrity": "sha512-nscpt0G6UCTkrT2ppnJnFsYbPDQwmum4GNXYTeoTIdsmMydSKFz9Iny2jpaRupTb+Wl298+Rh82WKzt9LCcqSQ==",
      "cpu": [
        "arm64"
      ],
      "license": "MIT",
      "optional": true,
      "os": [
        "win32"
      ],
      "engines": {
        "node": ">= 10"
      }
    },
    "node_modules/@next/swc-win32-ia32-msvc": {
      "version": "14.2.33",
      "resolved": "https://registry.npmjs.org/@next/swc-win32-ia32-msvc/-/swc-win32-ia32-msvc-14.2.33.tgz",
      "integrity": "sha512-pc9LpGNKhJ0dXQhZ5QMmYxtARwwmWLpeocFmVG5Z0DzWq5Uf0izcI8tLc+qOpqxO1PWqZ5A7J1blrUIKrIFc7Q==",
      "cpu": [
        "ia32"
      ],
      "license": "MIT",
      "optional": true,
      "os": [
        "win32"
      ],
      "engines": {
        "node": ">= 10"
      }
    },
    "node_modules/@next/swc-win32-x64-msvc": {
      "version": "14.2.33",
      "resolved": "https://registry.npmjs.org/@next/swc-win32-x64-msvc/-/swc-win32-x64-msvc-14.2.33.tgz",
      "integrity": "sha512-nOjfZMy8B94MdisuzZo9/57xuFVLHJaDj5e/xrduJp9CV2/HrfxTRH2fbyLe+K9QT41WBLUd4iXX3R7jBp0EUg==",
      "cpu": [
        "x64"
      ],
      "license": "MIT",
      "optional": true,
      "os": [
        "win32"
      ],
      "engines": {
        "node": ">= 10"
      }
    },
    "node_modules/@swc/counter": {
      "version": "0.1.3",
      "resolved": "https://registry.npmjs.org/@swc/counter/-/counter-0.1.3.tgz",
      "integrity": "sha512-e2BR4lsJkkRlKZ/qCHPw9ZaSxc0MVUd7gtbtaB7aMvHeJVYe8sOB8DBZkP2DtISHGSku9sCK6T6cnY0CtXrOCQ==",
      "license": "Apache-2.0"
    },
    "node_modules/@swc/helpers": {
      "version": "0.5.5",
      "resolved": "https://registry.npmjs.org/@swc/helpers/-/helpers-0.5.5.tgz",
      "integrity": "sha512-KGYxvIOXcceOAbEk4bi/dVLEK9z8sZ0uBB3Il5b1rhfClSpcX0yfRO0KmTkqR2cnQDymwLB+25ZyMzICg/cm/A==",
      "license": "Apache-2.0",
      "dependencies": {
        "@swc/counter": "^0.1.3",
        "tslib": "^2.4.0"
      }
    },
    "node_modules/@turf/bbox": {
      "version": "7.3.5",
      "resolved": "https://registry.npmjs.org/@turf/bbox/-/bbox-7.3.5.tgz",
      "integrity": "sha512-oG1ya/HtBjAIg4TimbWx+nOYPbY0bCvt82Bq8tm6sBw3qqtbOyRSfDz79Sq90TnH7DXJprJ1qnVGKNtZ6jemfw==",
      "license": "MIT",
      "dependencies": {
        "@turf/helpers": "7.3.5",
        "@turf/meta": "7.3.5",
        "@types/geojson": "^7946.0.10",
        "tslib": "^2.8.1"
      },
      "funding": {
        "url": "https://opencollective.com/turf"
      }
    },
    "node_modules/@turf/boolean-contains": {
      "version": "7.3.5",
      "resolved": "https://registry.npmjs.org/@turf/boolean-contains/-/boolean-contains-7.3.5.tgz",
      "integrity": "sha512-P4JUAHgvJkD+8ybQ6d1OHp9TBsGsjJxF5lWeXJgp0k4+Hd/D0CVy4/mhLkZdNa6QdljVdwNcfU0CTqy1WsSQig==",
      "license": "MIT",
      "dependencies": {
        "@turf/bbox": "7.3.5",
        "@turf/boolean-point-in-polygon": "7.3.5",
        "@turf/boolean-point-on-line": "7.3.5",
        "@turf/helpers": "7.3.5",
        "@turf/invariant": "7.3.5",
        "@turf/line-split": "7.3.5",
        "@types/geojson": "^7946.0.10",
        "tslib": "^2.8.1"
      },
      "funding": {
        "url": "https://opencollective.com/turf"
      }
    },
    "node_modules/@turf/boolean-point-in-polygon": {
      "version": "7.3.5",
      "resolved": "https://registry.npmjs.org/@turf/boolean-point-in-polygon/-/boolean-point-in-polygon-7.3.5.tgz",
      "integrity": "sha512-ba7+B0wzaS9GtERZOoXUZ6oW8IcIJHNQZf3c+tiD9ESjcsPO1Q/4qIJGTKl92nBLhhracHJxMWBM/U6hAVkaRg==",
      "license": "MIT",
      "dependencies": {
        "@turf/helpers": "7.3.5",
        "@turf/invariant": "7.3.5",
        "@types/geojson": "^7946.0.10",
        "point-in-polygon-hao": "^1.1.0",
        "tslib": "^2.8.1"
      },
      "funding": {
        "url": "https://opencollective.com/turf"
      }
    },
    "node_modules/@turf/boolean-point-on-line": {
      "version": "7.3.5",
      "resolved": "https://registry.npmjs.org/@turf/boolean-point-on-line/-/boolean-point-on-line-7.3.5.tgz",
      "integrity": "sha512-TuWfrAT63W43BDzgYc94UzQ5/PjF1aTnh4AIzmQwez1YnimShYcOTwo8OIHzDaB6gbbvFsfxYMuOA5JOp942Kg==",
      "license": "MIT",
      "dependencies": {
        "@turf/helpers": "7.3.5",
        "@turf/invariant": "7.3.5",
        "@types/geojson": "^7946.0.10",
        "tslib": "^2.8.1"
      },
      "funding": {
        "url": "https://opencollective.com/turf"
      }
    },
    "node_modules/@turf/distance": {
      "version": "7.3.5",
      "resolved": "https://registry.npmjs.org/@turf/distance/-/distance-7.3.5.tgz",
      "integrity": "sha512-uQAC63zg/l91KUxzfhqio7Ii3+UXTrPOVJScIdRj6EO6+9XHI4kC+AdyIS4cPAv14sZfJLIBxzMnzcGrss+kEA==",
      "license": "MIT",
      "dependencies": {
        "@turf/helpers": "7.3.5",
        "@turf/invariant": "7.3.5",
        "@types/geojson": "^7946.0.10",
        "tslib": "^2.8.1"
      },
      "funding": {
        "url": "https://opencollective.com/turf"
      }
    },
    "node_modules/@turf/geojson-rbush": {
      "version": "7.3.5",
      "resolved": "https://registry.npmjs.org/@turf/geojson-rbush/-/geojson-rbush-7.3.5.tgz",
      "integrity": "sha512-30/hQqc+ErnlcavvDdxGfgm8VtsJDEzSYpf3mPqYxOyI976l49T6+1jCQD5xKswml6o8zZAaTSe6ZcSKF+SCNw==",
      "license": "MIT",
      "dependencies": {
        "@turf/bbox": "7.3.5",
        "@turf/helpers": "7.3.5",
        "@turf/meta": "7.3.5",
        "@types/geojson": "^7946.0.10",
        "rbush": "^3.0.1",
        "tslib": "^2.8.1"
      },
      "funding": {
        "url": "https://opencollective.com/turf"
      }
    },
    "node_modules/@turf/helpers": {
      "version": "7.3.5",
      "resolved": "https://registry.npmjs.org/@turf/helpers/-/helpers-7.3.5.tgz",
      "integrity": "sha512-E/NMGV5MwbjjP7AJXBtsanC3yY8N2MQ87IGdIgkB2ji5AtBpwnH4L3gEqpYN4RlCJJWbLbzO91BbKv2waUd0eg==",
      "license": "MIT",
      "dependencies": {
        "@types/geojson": "^7946.0.10",
        "tslib": "^2.8.1"
      },
      "funding": {
        "url": "https://opencollective.com/turf"
      }
    },
    "node_modules/@turf/invariant": {
      "version": "7.3.5",
      "resolved": "https://registry.npmjs.org/@turf/invariant/-/invariant-7.3.5.tgz",
      "integrity": "sha512-ZVIvsBvjr8lO7WxC5zYNjRsjSDvyGvWkJMjuWaJjTU8x+1tmfNnw3gDX/TI2Sit83gcRYLYkNo23lB/udqx/Hg==",
      "license": "MIT",
      "dependencies": {
        "@turf/helpers": "7.3.5",
        "@types/geojson": "^7946.0.10",
        "tslib": "^2.8.1"
      },
      "funding": {
        "url": "https://opencollective.com/turf"
      }
    },
    "node_modules/@turf/kinks": {
      "version": "7.3.5",
      "resolved": "https://registry.npmjs.org/@turf/kinks/-/kinks-7.3.5.tgz",
      "integrity": "sha512-dPW8d4vs1v8WMobjyq/TVqajjPwkMsl94IF58yp1UYlmJDQrW4iNRUmI9fFzww+fl7epCKNwY+jZhXf1DRi93w==",
      "license": "MIT",
      "dependencies": {
        "@turf/helpers": "7.3.5",
        "@types/geojson": "^7946.0.10",
        "tslib": "^2.8.1"
      },
      "funding": {
        "url": "https://opencollective.com/turf"
      }
    },
    "node_modules/@turf/line-intersect": {
      "version": "7.3.5",
      "resolved": "https://registry.npmjs.org/@turf/line-intersect/-/line-intersect-7.3.5.tgz",
      "integrity": "sha512-2Cl4oPsjaDdfIwz/5IRDdG2fNdfp3W6atICm81vnzl/GwURoVP+CLjXJ64QWWzpzIbgX2XprJQTmamByDt5MDw==",
      "license": "MIT",
      "dependencies": {
        "@turf/helpers": "7.3.5",
        "@types/geojson": "^7946.0.10",
        "sweepline-intersections": "^1.5.0",
        "tslib": "^2.8.1"
      },
      "funding": {
        "url": "https://opencollective.com/turf"
      }
    },
    "node_modules/@turf/line-segment": {
      "version": "7.3.5",
      "resolved": "https://registry.npmjs.org/@turf/line-segment/-/line-segment-7.3.5.tgz",
      "integrity": "sha512-TM1aCu7utM6fllAEHO8PNqBJZ/uoFJVNp2A0YI7FyWN928hPbacsvNtLeVz/Kq1ZbeqQ1ZIKRxo9FdVjaj8hGg==",
      "license": "MIT",
      "dependencies": {
        "@turf/helpers": "7.3.5",
        "@turf/invariant": "7.3.5",
        "@turf/meta": "7.3.5",
        "@types/geojson": "^7946.0.10",
        "tslib": "^2.8.1"
      },
      "funding": {
        "url": "https://opencollective.com/turf"
      }
    },
    "node_modules/@turf/line-split": {
      "version": "7.3.5",
      "resolved": "https://registry.npmjs.org/@turf/line-split/-/line-split-7.3.5.tgz",
      "integrity": "sha512-GEuy+LdbbaqtYjHk/i1G8sK51wfCdPqTO8uH0dJZ6WlcIcZQfRcKKI4ksFm7NkVyfmw8gXWbpMJD8lO380GFBQ==",
      "license": "MIT",
      "dependencies": {
        "@turf/bbox": "7.3.5",
        "@turf/geojson-rbush": "7.3.5",
        "@turf/helpers": "7.3.5",
        "@turf/invariant": "7.3.5",
        "@turf/line-intersect": "7.3.5",
        "@turf/line-segment": "7.3.5",
        "@turf/meta": "7.3.5",
        "@turf/nearest-point-on-line": "7.3.5",
        "@turf/truncate": "7.3.5",
        "@types/geojson": "^7946.0.10",
        "tslib": "^2.8.1"
      },
      "funding": {
        "url": "https://opencollective.com/turf"
      }
    },
    "node_modules/@turf/meta": {
      "version": "7.3.5",
      "resolved": "https://registry.npmjs.org/@turf/meta/-/meta-7.3.5.tgz",
      "integrity": "sha512-r+ohqxoyqeigFB0oFrQx/YEHIkOKqcKpCjvZkvZs7Tkv+IFco5MezAd2zd4rzK+0DfFgDP3KpJc7HqrYjvEjhg==",
      "license": "MIT",
      "dependencies": {
        "@turf/helpers": "7.3.5",
        "@types/geojson": "^7946.0.10",
        "tslib": "^2.8.1"
      },
      "funding": {
        "url": "https://opencollective.com/turf"
      }
    },
    "node_modules/@turf/nearest-point-on-line": {
      "version": "7.3.5",
      "resolved": "https://registry.npmjs.org/@turf/nearest-point-on-line/-/nearest-point-on-line-7.3.5.tgz",
      "integrity": "sha512-MZn6OkEFZpjS6BNUANfqiHMIbQSivu7TNji3a+OAIrnPJ71vp8cbz0N2aVEa5M7I8ipvxoxAPIV3eqg3h280Vg==",
      "license": "MIT",
      "dependencies": {
        "@turf/distance": "7.3.5",
        "@turf/helpers": "7.3.5",
        "@turf/invariant": "7.3.5",
        "@turf/meta": "7.3.5",
        "@types/geojson": "^7946.0.10",
        "tslib": "^2.8.1"
      },
      "funding": {
        "url": "https://opencollective.com/turf"
      }
    },
    "node_modules/@turf/truncate": {
      "version": "7.3.5",
      "resolved": "https://registry.npmjs.org/@turf/truncate/-/truncate-7.3.5.tgz",
      "integrity": "sha512-Qx2iv3KIqKuDAUduMfaJ5fFegEWBeRve5zePalRevS16bMUqEX+jnKPK9fWGyUuPqT61qP1Kybz0PTWPbUbljQ==",
      "license": "MIT",
      "dependencies": {
        "@turf/helpers": "7.3.5",
        "@turf/meta": "7.3.5",
        "@types/geojson": "^7946.0.10",
        "tslib": "^2.8.1"
      },
      "funding": {
        "url": "https://opencollective.com/turf"
      }
    },
    "node_modules/@types/geojson": {
      "version": "7946.0.16",
      "resolved": "https://registry.npmjs.org/@types/geojson/-/geojson-7946.0.16.tgz",
      "integrity": "sha512-6C8nqWur3j98U6+lXDfTUWIfgvZU+EumvpHKcYjujKH7woYyLj2sUmff0tRhrqM7BohUw7Pz3ZB1jj2gW9Fvmg==",
      "license": "MIT"
    },
    "node_modules/bignumber.js": {
      "version": "9.3.1",
      "resolved": "https://registry.npmjs.org/bignumber.js/-/bignumber.js-9.3.1.tgz",
      "integrity": "sha512-Ko0uX15oIUS7wJ3Rb30Fs6SkVbLmPBAKdlm7q9+ak9bbIeFf0MwuBsQV6z7+X768/cHsfg+WlysDWJcmthjsjQ==",
      "license": "MIT",
      "engines": {
        "node": "*"
      }
    },
    "node_modules/busboy": {
      "version": "1.6.0",
      "resolved": "https://registry.npmjs.org/busboy/-/busboy-1.6.0.tgz",
      "integrity": "sha512-8SFQbg/0hQ9xy3UNTB0YEnsNBbWfhf7RtnzpL7TkBiTBRfrQ9Fxcnz7VJsleJpyp6rVLvXiuORqjlHi5q+PYuA==",
      "dependencies": {
        "streamsearch": "^1.1.0"
      },
      "engines": {
        "node": ">=10.16.0"
      }
    },
    "node_modules/caniuse-lite": {
      "version": "1.0.30001806",
      "resolved": "https://registry.npmjs.org/caniuse-lite/-/caniuse-lite-1.0.30001806.tgz",
      "integrity": "sha512-72Cuvd95zbSYPKq6Fhg8eDJRlzgWDf7/mtoZv6Qe/DYNCEBdNxoA3+rZAU2ZhGCpZlns3EssFavaZomckT5Uuw==",
      "funding": [
        {
          "type": "opencollective",
          "url": "https://opencollective.com/browserslist"
        },
        {
          "type": "tidelift",
          "url": "https://tidelift.com/funding/github/npm/caniuse-lite"
        },
        {
          "type": "github",
          "url": "https://github.com/sponsors/ai"
        }
      ],
      "license": "CC-BY-4.0"
    },
    "node_modules/client-only": {
      "version": "0.0.1",
      "resolved": "https://registry.npmjs.org/client-only/-/client-only-0.0.1.tgz",
      "integrity": "sha512-IV3Ou0jSMzZrd3pZ48nLkT9DA7Ag1pnPzaiQhpW7c3RbcqqzvzzVu+L8gfqMp/8IM2MQtSiqaCxrrcfu8I8rMA==",
      "license": "MIT"
    },
    "node_modules/exif-js": {
      "version": "2.3.0",
      "resolved": "https://registry.npmjs.org/exif-js/-/exif-js-2.3.0.tgz",
      "integrity": "sha512-1Og9pAzG2FZRVlaavH8bB8BTeHcjMdJhKmeQITkX+uLRCD0xPtKAdZ2clZmQdJ56p9adXtJ8+jwrGp/4505lYg==",
      "license": "MIT"
    },
    "node_modules/glfx": {
      "version": "0.0.4",
      "resolved": "https://registry.npmjs.org/glfx/-/glfx-0.0.4.tgz",
      "integrity": "sha512-CmcUjZP/DARqtOC+MoNqClu2wKGWFbEGqAuiGsTZaZTLDC8a/VW/nqtcLfpPimC8ihgv60tGHRV4O3SmFYneRw==",
      "license": "MIT"
    },
    "node_modules/graceful-fs": {
      "version": "4.2.11",
      "resolved": "https://registry.npmjs.org/graceful-fs/-/graceful-fs-4.2.11.tgz",
      "integrity": "sha512-RbJ5/jmFcNNCcDV5o9eTnBLJ/HszWV0P73bc+Ff4nS/rJj+YaS6IGyiOL0VoBYX+l1Wrl3k63h/KrH+nhJ0XvQ==",
      "license": "ISC"
    },
    "node_modules/js-tokens": {
      "version": "4.0.0",
      "resolved": "https://registry.npmjs.org/js-tokens/-/js-tokens-4.0.0.tgz",
      "integrity": "sha512-RdJUflcE3cUzKiMqQgsCu06FPu9UdIJO0beYbPhHN4k6apgJtifcoCtT9bcxOpYBtpD2kCM6Sbzg4CausW/PKQ==",
      "license": "MIT"
    },
    "node_modules/leaflet": {
      "version": "1.9.4",
      "resolved": "https://registry.npmjs.org/leaflet/-/leaflet-1.9.4.tgz",
      "integrity": "sha512-nxS1ynzJOmOlHp+iL3FyWqK89GtNL8U8rvlMOsQdTTssxZwCXh8N2NB3GDQOL+YR3XnWyZAxwQixURb+FA74PA==",
      "license": "BSD-2-Clause"
    },
    "node_modules/leaflet-distortableimage": {
      "version": "0.21.9",
      "resolved": "https://registry.npmjs.org/leaflet-distortableimage/-/leaflet-distortableimage-0.21.9.tgz",
      "integrity": "sha512-ixKudAyHSeFEHEvazzT6t7oFN/DC2oN2YgSI5t9wb22gAF0cHeCxJt74FyJxbm44LHxIxrkuTILnSVvrXCX2Gg==",
      "license": "MIT",
      "dependencies": {
        "exif-js": "^2.3.0",
        "glfx": "0.0.4",
        "leaflet-toolbar": "0.4.0-alpha.2",
        "webgl-distort": "0.0.2"
      },
      "engines": {
        "node": ">=10.0.0"
      },
      "peerDependencies": {
        "leaflet": "1.x"
      }
    },
    "node_modules/leaflet-toolbar": {
      "version": "0.4.0-alpha.2",
      "resolved": "https://registry.npmjs.org/leaflet-toolbar/-/leaflet-toolbar-0.4.0-alpha.2.tgz",
      "integrity": "sha512-g1KeU3DYGUOwXTS0vKIgJ8KgY0h/2B0qENNQUSYMFtSY2yzwaHWMbDyhDbk+aO8LgJ1iOX4fUt2bh1sYZbpmmQ==",
      "license": "MIT",
      "peerDependencies": {
        "leaflet": "*"
      }
    },
    "node_modules/lodash": {
      "version": "4.18.1",
      "resolved": "https://registry.npmjs.org/lodash/-/lodash-4.18.1.tgz",
      "integrity": "sha512-dMInicTPVE8d1e5otfwmmjlxkZoUpiVLwyeTdUsi/Caj/gfzzblBcCE5sRHV/AsjuCmxWrte2TNGSYuCeCq+0Q==",
      "license": "MIT"
    },
    "node_modules/loose-envify": {
      "version": "1.4.0",
      "resolved": "https://registry.npmjs.org/loose-envify/-/loose-envify-1.4.0.tgz",
      "integrity": "sha512-lyuxPGr/Wfhrlem2CL/UcnUc1zcqKAImBDzukY7Y5F/yQiNdko6+fRLevlw1HgMySw7f611UIY408EtxRSoK3Q==",
      "license": "MIT",
      "dependencies": {
        "js-tokens": "^3.0.0 || ^4.0.0"
      },
      "bin": {
        "loose-envify": "cli.js"
      }
    },
    "node_modules/nanoid": {
      "version": "3.3.16",
      "resolved": "https://registry.npmjs.org/nanoid/-/nanoid-3.3.16.tgz",
      "integrity": "sha512-bzlKTyNJ7+LdGIIwy8ijFpIqEQIvafahV7eYykJ8Cvh42EdJeODoJ6gUJXpQJvej1BddH8OqTXZNE/KfbWAu8Q==",
      "funding": [
        {
          "type": "github",
          "url": "https://github.com/sponsors/ai"
        }
      ],
      "license": "MIT",
      "bin": {
        "nanoid": "bin/nanoid.cjs"
      },
      "engines": {
        "node": "^10 || ^12 || ^13.7 || ^14 || >=15.0.1"
      }
    },
    "node_modules/next": {
      "version": "14.2.35",
      "resolved": "https://registry.npmjs.org/next/-/next-14.2.35.tgz",
      "integrity": "sha512-KhYd2Hjt/O1/1aZVX3dCwGXM1QmOV4eNM2UTacK5gipDdPN/oHHK/4oVGy7X8GMfPMsUTUEmGlsy0EY1YGAkig==",
      "license": "MIT",
      "dependencies": {
        "@next/env": "14.2.35",
        "@swc/helpers": "0.5.5",
        "busboy": "1.6.0",
        "caniuse-lite": "^1.0.30001579",
        "graceful-fs": "^4.2.11",
        "postcss": "8.4.31",
        "styled-jsx": "5.1.1"
      },
      "bin": {
        "next": "dist/bin/next"
      },
      "engines": {
        "node": ">=18.17.0"
      },
      "optionalDependencies": {
        "@next/swc-darwin-arm64": "14.2.33",
        "@next/swc-darwin-x64": "14.2.33",
        "@next/swc-linux-arm64-gnu": "14.2.33",
        "@next/swc-linux-arm64-musl": "14.2.33",
        "@next/swc-linux-x64-gnu": "14.2.33",
        "@next/swc-linux-x64-musl": "14.2.33",
        "@next/swc-win32-arm64-msvc": "14.2.33",
        "@next/swc-win32-ia32-msvc": "14.2.33",
        "@next/swc-win32-x64-msvc": "14.2.33"
      },
      "peerDependencies": {
        "@opentelemetry/api": "^1.1.0",
        "@playwright/test": "^1.41.2",
        "react": "^18.2.0",
        "react-dom": "^18.2.0",
        "sass": "^1.3.0"
      },
      "peerDependenciesMeta": {
        "@opentelemetry/api": {
          "optional": true
        },
        "@playwright/test": {
          "optional": true
        },
        "sass": {
          "optional": true
        }
      }
    },
    "node_modules/picocolors": {
      "version": "1.1.1",
      "resolved": "https://registry.npmjs.org/picocolors/-/picocolors-1.1.1.tgz",
      "integrity": "sha512-xceH2snhtb5M9liqDsmEw56le376mTZkEX/jEb/RxNFyegNul7eNslCXP9FDj/Lcu0X8KEyMceP2ntpaHrDEVA==",
      "license": "ISC"
    },
    "node_modules/point-in-polygon-hao": {
      "version": "1.2.4",
      "resolved": "https://registry.npmjs.org/point-in-polygon-hao/-/point-in-polygon-hao-1.2.4.tgz",
      "integrity": "sha512-x2pcvXeqhRHlNRdhLs/tgFapAbSSe86wa/eqmj1G6pWftbEs5aVRJhRGM6FYSUERKu0PjekJzMq0gsI2XyiclQ==",
      "license": "MIT",
      "dependencies": {
        "robust-predicates": "^3.0.2"
      }
    },
    "node_modules/polyclip-ts": {
      "version": "0.16.8",
      "resolved": "https://registry.npmjs.org/polyclip-ts/-/polyclip-ts-0.16.8.tgz",
      "integrity": "sha512-JPtKbDRuPEuAjuTdhR62Gph7Is2BS1Szx69CFOO3g71lpJDFo78k4tFyi+qFOMVPePEzdSKkpGU3NBXPHHjvKQ==",
      "license": "MIT",
      "dependencies": {
        "bignumber.js": "^9.1.0",
        "splaytree-ts": "^1.0.2"
      }
    },
    "node_modules/postcss": {
      "version": "8.4.31",
      "resolved": "https://registry.npmjs.org/postcss/-/postcss-8.4.31.tgz",
      "integrity": "sha512-PS08Iboia9mts/2ygV3eLpY5ghnUcfLV/EXTOW1E2qYxJKGGBUtNjN76FYHnMs36RmARn41bC0AZmn+rR0OVpQ==",
      "funding": [
        {
          "type": "opencollective",
          "url": "https://opencollective.com/postcss/"
        },
        {
          "type": "tidelift",
          "url": "https://tidelift.com/funding/github/npm/postcss"
        },
        {
          "type": "github",
          "url": "https://github.com/sponsors/ai"
        }
      ],
      "license": "MIT",
      "dependencies": {
        "nanoid": "^3.3.6",
        "picocolors": "^1.0.0",
        "source-map-js": "^1.0.2"
      },
      "engines": {
        "node": "^10 || ^12 || >=14"
      }
    },
    "node_modules/quickselect": {
      "version": "2.0.0",
      "resolved": "https://registry.npmjs.org/quickselect/-/quickselect-2.0.0.tgz",
      "integrity": "sha512-RKJ22hX8mHe3Y6wH/N3wCM6BWtjaxIyyUIkpHOvfFnxdI4yD4tBXEBKSbriGujF6jnSVkJrffuo6vxACiSSxIw==",
      "license": "ISC"
    },
    "node_modules/rbush": {
      "version": "3.0.1",
      "resolved": "https://registry.npmjs.org/rbush/-/rbush-3.0.1.tgz",
      "integrity": "sha512-XRaVO0YecOpEuIvbhbpTrZgoiI6xBlz6hnlr6EHhd+0x9ase6EmeN+hdwwUaJvLcsFFQ8iWVF1GAK1yB0BWi0w==",
      "license": "MIT",
      "dependencies": {
        "quickselect": "^2.0.0"
      }
    },
    "node_modules/react": {
      "version": "18.3.1",
      "resolved": "https://registry.npmjs.org/react/-/react-18.3.1.tgz",
      "integrity": "sha512-wS+hAgJShR0KhEvPJArfuPVN1+Hz1t0Y6n5jLrGQbkb4urgPE/0Rve+1kMB1v/oWgHgm4WIcV+i7F2pTVj+2iQ==",
      "license": "MIT",
      "dependencies": {
        "loose-envify": "^1.1.0"
      },
      "engines": {
        "node": ">=0.10.0"
      }
    },
    "node_modules/react-dom": {
      "version": "18.3.1",
      "resolved": "https://registry.npmjs.org/react-dom/-/react-dom-18.3.1.tgz",
      "integrity": "sha512-5m4nQKp+rZRb09LNH59GM4BxTh9251/ylbKIbpe7TpGxfJ+9kv6BLkLBXIjjspbgbnIBNqlI23tRnTWT0snUIw==",
      "license": "MIT",
      "dependencies": {
        "loose-envify": "^1.1.0",
        "scheduler": "^0.23.2"
      },
      "peerDependencies": {
        "react": "^18.3.1"
      }
    },
    "node_modules/robust-predicates": {
      "version": "3.0.3",
      "resolved": "https://registry.npmjs.org/robust-predicates/-/robust-predicates-3.0.3.tgz",
      "integrity": "sha512-NS3levdsRIUOmiJ8FZWCP7LG3QpJyrs/TE0Zpf1yvZu8cAJJ6QMW92H1c7kWpdIHo8RvmLxN/o2JXTKHp74lUA==",
      "license": "Unlicense"
    },
    "node_modules/scheduler": {
      "version": "0.23.2",
      "resolved": "https://registry.npmjs.org/scheduler/-/scheduler-0.23.2.tgz",
      "integrity": "sha512-UOShsPwz7NrMUqhR6t0hWjFduvOzbtv7toDH1/hIrfRNIDBnnBWd0CwJTGvTpngVlmwGCdP9/Zl/tVrDqcuYzQ==",
      "license": "MIT",
      "dependencies": {
        "loose-envify": "^1.1.0"
      }
    },
    "node_modules/source-map-js": {
      "version": "1.2.1",
      "resolved": "https://registry.npmjs.org/source-map-js/-/source-map-js-1.2.1.tgz",
      "integrity": "sha512-UXWMKhLOwVKb728IUtQPXxfYU+usdybtUrK/8uGE8CQMvrhOpwvzDBwj0QhSL7MQc7vIsISBG8VQ8+IDQxpfQA==",
      "license": "BSD-3-Clause",
      "engines": {
        "node": ">=0.10.0"
      }
    },
    "node_modules/splaytree-ts": {
      "version": "1.0.2",
      "resolved": "https://registry.npmjs.org/splaytree-ts/-/splaytree-ts-1.0.2.tgz",
      "integrity": "sha512-0kGecIZNIReCSiznK3uheYB8sbstLjCZLiwcQwbmLhgHJj2gz6OnSPkVzJQCMnmEz1BQ4gPK59ylhBoEWOhGNA==",
      "license": "BDS-3-Clause"
    },
    "node_modules/streamsearch": {
      "version": "1.1.0",
      "resolved": "https://registry.npmjs.org/streamsearch/-/streamsearch-1.1.0.tgz",
      "integrity": "sha512-Mcc5wHehp9aXz1ax6bZUyY5afg9u2rv5cqQI3mRrYkGC8rW2hM02jWuwjtL++LS5qinSyhj2QfLyNsuc+VsExg==",
      "engines": {
        "node": ">=10.0.0"
      }
    },
    "node_modules/styled-jsx": {
      "version": "5.1.1",
      "resolved": "https://registry.npmjs.org/styled-jsx/-/styled-jsx-5.1.1.tgz",
      "integrity": "sha512-pW7uC1l4mBZ8ugbiZrcIsiIvVx1UmTfw7UkC3Um2tmfUq9Bhk8IiyEIPl6F8agHgjzku6j0xQEZbfA5uSgSaCw==",
      "license": "MIT",
      "dependencies": {
        "client-only": "0.0.1"
      },
      "engines": {
        "node": ">= 12.0.0"
      },
      "peerDependencies": {
        "react": ">= 16.8.0 || 17.x.x || ^18.0.0-0"
      },
      "peerDependenciesMeta": {
        "@babel/core": {
          "optional": true
        },
        "babel-plugin-macros": {
          "optional": true
        }
      }
    },
    "node_modules/sweepline-intersections": {
      "version": "1.5.0",
      "resolved": "https://registry.npmjs.org/sweepline-intersections/-/sweepline-intersections-1.5.0.tgz",
      "integrity": "sha512-AoVmx72QHpKtItPu72TzFL+kcYjd67BPLDoR0LarIk+xyaRg+pDTMFXndIEvZf9xEKnJv6JdhgRMnocoG0D3AQ==",
      "license": "MIT",
      "dependencies": {
        "tinyqueue": "^2.0.0"
      }
    },
    "node_modules/tinyqueue": {
      "version": "2.0.3",
      "resolved": "https://registry.npmjs.org/tinyqueue/-/tinyqueue-2.0.3.tgz",
      "integrity": "sha512-ppJZNDuKGgxzkHihX8v9v9G5f+18gzaTfrukGrq6ueg0lmH4nqVnA2IPG0AEH3jKEk2GRJCUhDoqpoiw3PHLBA==",
      "license": "ISC"
    },
    "node_modules/tslib": {
      "version": "2.8.1",
      "resolved": "https://registry.npmjs.org/tslib/-/tslib-2.8.1.tgz",
      "integrity": "sha512-oJFu94HQb+KVduSUQL7wnpmqnfmLsOA/nAh6b6EH0wCEoK0/mPeXU6c3wKDV83MkOuHPRHtSXKKU99IBazS/2w==",
      "license": "0BSD"
    },
    "node_modules/webgl-distort": {
      "version": "0.0.2",
      "resolved": "https://registry.npmjs.org/webgl-distort/-/webgl-distort-0.0.2.tgz",
      "integrity": "sha512-ega1ErSsqQ7MXWreYkxwxs5TTBYXJb538Gsqyi+aknwHE9bUZx31EoWuUJWD2jfiOV5BMdmrmfqYGrTTAvrO6Q==",
      "license": "MIT"
    }
  }
}
